// !$*UTF8*$!
{
	archiveVersion = 1;
	classes = {
	};
	objectVersion = 46;
	objects = {

/* Begin PBXBuildFile section */
		0E344782694A9C2B773C1799 /* libPods-MyToolsProject.a in Frameworks */ = {isa = PBXBuildFile; fileRef = 92FF02BF6EA81D52305D6F91 /* libPods-MyToolsProject.a */; };
		710808271D265D460090DB43 /* MyPageViewController.m in Sources */ = {isa = PBXBuildFile; fileRef = 710808261D265D460090DB43 /* MyPageViewController.m */; };
		710B95141D24FF4000E36C78 /* main.m in Sources */ = {isa = PBXBuildFile; fileRef = 710B95131D24FF4000E36C78 /* main.m */; };
		710B95171D24FF4000E36C78 /* AppDelegate.m in Sources */ = {isa = PBXBuildFile; fileRef = 710B95161D24FF4000E36C78 /* AppDelegate.m */; };
		710B951A1D24FF4000E36C78 /* ViewController.m in Sources */ = {isa = PBXBuildFile; fileRef = 710B95191D24FF4000E36C78 /* ViewController.m */; };
		710B951D1D24FF4000E36C78 /* Main.storyboard in Resources */ = {isa = PBXBuildFile; fileRef = 710B951B1D24FF4000E36C78 /* Main.storyboard */; };
		710B951F1D24FF4000E36C78 /* Assets.xcassets in Resources */ = {isa = PBXBuildFile; fileRef = 710B951E1D24FF4000E36C78 /* Assets.xcassets */; };
		710B95221D24FF4000E36C78 /* LaunchScreen.storyboard in Resources */ = {isa = PBXBuildFile; fileRef = 710B95201D24FF4000E36C78 /* LaunchScreen.storyboard */; };
		710B952C1D2503B000E36C78 /* MyNetworkManager.m in Sources */ = {isa = PBXBuildFile; fileRef = 710B952B1D2503B000E36C78 /* MyNetworkManager.m */; };
		711C665A1D2E6EBE00217842 /* CollectionHeaderCollectionReusableView.m in Sources */ = {isa = PBXBuildFile; fileRef = 711C66591D2E6EBE00217842 /* CollectionHeaderCollectionReusableView.m */; };
		711C666C1D36306B00217842 /* ScanQRCodeViewController.m in Sources */ = {isa = PBXBuildFile; fileRef = 711C666B1D36306B00217842 /* ScanQRCodeViewController.m */; };
		71746DAB1D2CF49200567BC7 /* MyBarrageView.m in Sources */ = {isa = PBXBuildFile; fileRef = 71746DAA1D2CF49200567BC7 /* MyBarrageView.m */; };
		71746DAE1D2CF4B800567BC7 /* BarrageLabel.m in Sources */ = {isa = PBXBuildFile; fileRef = 71746DAD1D2CF4B800567BC7 /* BarrageLabel.m */; };
		71E0E57F1D42217000D02ED3 /* DownloadTaskViewController.m in Sources */ = {isa = PBXBuildFile; fileRef = 71E0E57E1D42217000D02ED3 /* DownloadTaskViewController.m */; };
		71F328EB1D3F5FAC00B60619 /* MyPlayerViewController.m in Sources */ = {isa = PBXBuildFile; fileRef = 71F328EA1D3F5FAC00B60619 /* MyPlayerViewController.m */; };
		71F328F41D406EF300B60619 /* BluetoothViewController.m in Sources */ = {isa = PBXBuildFile; fileRef = 71F328F31D406EF300B60619 /* BluetoothViewController.m */; };
/* End PBXBuildFile section */

/* Begin PBXFileReference section */
		4E9055831D32C77375984480 /* Pods-MyToolsProject.release.xcconfig */ = {isa = PBXFileReference; includeInIndex = 1; lastKnownFileType = text.xcconfig; name = "Pods-MyToolsProject.release.xcconfig"; path = "Pods/Target Support Files/Pods-MyToolsProject/Pods-MyToolsProject.release.xcconfig"; sourceTree = "<group>"; };
		5B79185ED958C8DF81540B28 /* Pods-MyToolsProject.debug.xcconfig */ = {isa = PBXFileReference; includeInIndex = 1; lastKnownFileType = text.xcconfig; name = "Pods-MyToolsProject.debug.xcconfig"; path = "Pods/Target Support Files/Pods-MyToolsProject/Pods-MyToolsProject.debug.xcconfig"; sourceTree = "<group>"; };
		710808251D265D460090DB43 /* MyPageViewController.h */ = {isa = PBXFileReference; fileEncoding = 4; lastKnownFileType = sourcecode.c.h; name = MyPageViewController.h; path = ../MyToolsProject/MyPageViewController.h; sourceTree = "<group>"; };
		710808261D265D460090DB43 /* MyPageViewController.m */ = {isa = PBXFileReference; fileEncoding = 4; lastKnownFileType = sourcecode.c.objc; name = MyPageViewController.m; path = ../MyToolsProject/MyPageViewController.m; sourceTree = "<group>"; };
		710B950F1D24FF4000E36C78 /* MyToolsProject.app */ = {isa = PBXFileReference; explicitFileType = wrapper.application; includeInIndex = 0; path = MyToolsProject.app; sourceTree = BUILT_PRODUCTS_DIR; };
		710B95131D24FF4000E36C78 /* main.m */ = {isa = PBXFileReference; lastKnownFileType = sourcecode.c.objc; path = main.m; sourceTree = "<group>"; };
		710B95151D24FF4000E36C78 /* AppDelegate.h */ = {isa = PBXFileReference; lastKnownFileType = sourcecode.c.h; path = AppDelegate.h; sourceTree = "<group>"; };
		710B95161D24FF4000E36C78 /* AppDelegate.m */ = {isa = PBXFileReference; lastKnownFileType = sourcecode.c.objc; path = AppDelegate.m; sourceTree = "<group>"; };
		710B95181D24FF4000E36C78 /* ViewController.h */ = {isa = PBXFileReference; lastKnownFileType = sourcecode.c.h; path = ViewController.h; sourceTree = "<group>"; };
		710B95191D24FF4000E36C78 /* ViewController.m */ = {isa = PBXFileReference; lastKnownFileType = sourcecode.c.objc; path = ViewController.m; sourceTree = "<group>"; };
		710B951C1D24FF4000E36C78 /* Base */ = {isa = PBXFileReference; lastKnownFileType = file.storyboard; name = Base; path = Base.lproj/Main.storyboard; sourceTree = "<group>"; };
		710B951E1D24FF4000E36C78 /* Assets.xcassets */ = {isa = PBXFileReference; lastKnownFileType = folder.assetcatalog; path = Assets.xcassets; sourceTree = "<group>"; };
		710B95211D24FF4000E36C78 /* Base */ = {isa = PBXFileReference; lastKnownFileType = file.storyboard; name = Base; path = Base.lproj/LaunchScreen.storyboard; sourceTree = "<group>"; };
		710B95231D24FF4000E36C78 /* Info.plist */ = {isa = PBXFileReference; lastKnownFileType = text.plist.xml; path = Info.plist; sourceTree = "<group>"; };
		710B952A1D2503B000E36C78 /* MyNetworkManager.h */ = {isa = PBXFileReference; fileEncoding = 4; lastKnownFileType = sourcecode.c.h; path = MyNetworkManager.h; sourceTree = "<group>"; };
		710B952B1D2503B000E36C78 /* MyNetworkManager.m */ = {isa = PBXFileReference; fileEncoding = 4; lastKnownFileType = sourcecode.c.objc; path = MyNetworkManager.m; sourceTree = "<group>"; };
		711C66581D2E6EBE00217842 /* CollectionHeaderCollectionReusableView.h */ = {isa = PBXFileReference; fileEncoding = 4; lastKnownFileType = sourcecode.c.h; name = CollectionHeaderCollectionReusableView.h; path = ../MyToolsProject/CollectionHeaderCollectionReusableView.h; sourceTree = "<group>"; };
		711C66591D2E6EBE00217842 /* CollectionHeaderCollectionReusableView.m */ = {isa = PBXFileReference; fileEncoding = 4; lastKnownFileType = sourcecode.c.objc; name = CollectionHeaderCollectionReusableView.m; path = ../MyToolsProject/CollectionHeaderCollectionReusableView.m; sourceTree = "<group>"; };
		711C666A1D36306B00217842 /* ScanQRCodeViewController.h */ = {isa = PBXFileReference; fileEncoding = 4; lastKnownFileType = sourcecode.c.h; path = ScanQRCodeViewController.h; sourceTree = "<group>"; };
		711C666B1D36306B00217842 /* ScanQRCodeViewController.m */ = {isa = PBXFileReference; fileEncoding = 4; lastKnownFileType = sourcecode.c.objc; path = ScanQRCodeViewController.m; sourceTree = "<group>"; };
		71746DA91D2CF49200567BC7 /* MyBarrageView.h */ = {isa = PBXFileReference; fileEncoding = 4; lastKnownFileType = sourcecode.c.h; path = MyBarrageView.h; sourceTree = "<group>"; };
		71746DAA1D2CF49200567BC7 /* MyBarrageView.m */ = {isa = PBXFileReference; fileEncoding = 4; lastKnownFileType = sourcecode.c.objc; path = MyBarrageView.m; sourceTree = "<group>"; };
		71746DAC1D2CF4B800567BC7 /* BarrageLabel.h */ = {isa = PBXFileReference; fileEncoding = 4; lastKnownFileType = sourcecode.c.h; path = BarrageLabel.h; sourceTree = "<group>"; };
		71746DAD1D2CF4B800567BC7 /* BarrageLabel.m */ = {isa = PBXFileReference; fileEncoding = 4; lastKnownFileType = sourcecode.c.objc; path = BarrageLabel.m; sourceTree = "<group>"; };
		71E0E57D1D42217000D02ED3 /* DownloadTaskViewController.h */ = {isa = PBXFileReference; fileEncoding = 4; lastKnownFileType = sourcecode.c.h; path = DownloadTaskViewController.h; sourceTree = "<group>"; };
		71E0E57E1D42217000D02ED3 /* DownloadTaskViewController.m */ = {isa = PBXFileReference; fileEncoding = 4; lastKnownFileType = sourcecode.c.objc; path = DownloadTaskViewController.m; sourceTree = "<group>"; };
		71F328E01D251B1800C5B08D /* PrefixHeader.pch */ = {isa = PBXFileReference; lastKnownFileType = sourcecode.c.h; path = PrefixHeader.pch; sourceTree = "<group>"; };
		71F328E11D251C9B00C5B08D /* MacroFile.h */ = {isa = PBXFileReference; lastKnownFileType = sourcecode.c.h; path = MacroFile.h; sourceTree = "<group>"; };
		71F328E91D3F5FAC00B60619 /* MyPlayerViewController.h */ = {isa = PBXFileReference; fileEncoding = 4; lastKnownFileType = sourcecode.c.h; path = MyPlayerViewController.h; sourceTree = "<group>"; };
		71F328EA1D3F5FAC00B60619 /* MyPlayerViewController.m */ = {isa = PBXFileReference; fileEncoding = 4; lastKnownFileType = sourcecode.c.objc; path = MyPlayerViewController.m; sourceTree = "<group>"; };
		71F328F21D406EF300B60619 /* BluetoothViewController.h */ = {isa = PBXFileReference; fileEncoding = 4; lastKnownFileType = sourcecode.c.h; path = BluetoothViewController.h; sourceTree = "<group>"; };
		71F328F31D406EF300B60619 /* BluetoothViewController.m */ = {isa = PBXFileReference; fileEncoding = 4; lastKnownFileType = sourcecode.c.objc; path = BluetoothViewController.m; sourceTree = "<group>"; };
		92FF02BF6EA81D52305D6F91 /* libPods-MyToolsProject.a */ = {isa = PBXFileReference; explicitFileType = archive.ar; includeInIndex = 0; path = "libPods-MyToolsProject.a"; sourceTree = BUILT_PRODUCTS_DIR; };
/* End PBXFileReference section */

/* Begin PBXFrameworksBuildPhase section */
		710B950C1D24FF4000E36C78 /* Frameworks */ = {
			isa = PBXFrameworksBuildPhase;
			buildActionMask = 2147483647;
			files = (
				0E344782694A9C2B773C1799 /* libPods-MyToolsProject.a in Frameworks */,
			);
			runOnlyForDeploymentPostprocessing = 0;
		};
/* End PBXFrameworksBuildPhase section */

/* Begin PBXGroup section */
		20D10AB4945E494A16B9D92E /* Pods */ = {
			isa = PBXGroup;
			children = (
				5B79185ED958C8DF81540B28 /* Pods-MyToolsProject.debug.xcconfig */,
				4E9055831D32C77375984480 /* Pods-MyToolsProject.release.xcconfig */,
			);
			name = Pods;
			sourceTree = "<group>";
		};
		3B7FBF4FB92AA98A42EF64F7 /* Frameworks */ = {
			isa = PBXGroup;
			children = (
				92FF02BF6EA81D52305D6F91 /* libPods-MyToolsProject.a */,
			);
			name = Frameworks;
			sourceTree = "<group>";
		};
		710B95061D24FF4000E36C78 = {
			isa = PBXGroup;
			children = (
				71E0E57C1D42214D00D02ED3 /* DownloadTask */,
				71F328F11D406E4600B60619 /* Bluetooth */,
				71F328E81D3F5DFF00B60619 /* PLPlayer */,
				711C66691D36303500217842 /* QR_CodeView */,
				711C66621D2F50A100217842 /* MyPageController */,
				711C66611D2F505D00217842 /* CollectionView */,
				71746DA81D2CF46C00567BC7 /* BarrageView */,
				710B95291D25036600E36C78 /* BaseNetwork */,
				710B95111D24FF4000E36C78 /* MyToolsProject */,
				710B95101D24FF4000E36C78 /* Products */,
				20D10AB4945E494A16B9D92E /* Pods */,
				3B7FBF4FB92AA98A42EF64F7 /* Frameworks */,
			);
			sourceTree = "<group>";
		};
		710B95101D24FF4000E36C78 /* Products */ = {
			isa = PBXGroup;
			children = (
				710B950F1D24FF4000E36C78 /* MyToolsProject.app */,
			);
			name = Products;
			sourceTree = "<group>";
		};
		710B95111D24FF4000E36C78 /* MyToolsProject */ = {
			isa = PBXGroup;
			children = (
				710B95151D24FF4000E36C78 /* AppDelegate.h */,
				710B95161D24FF4000E36C78 /* AppDelegate.m */,
				710B95181D24FF4000E36C78 /* ViewController.h */,
				710B95191D24FF4000E36C78 /* ViewController.m */,
				710B951E1D24FF4000E36C78 /* Assets.xcassets */,
				710B95201D24FF4000E36C78 /* LaunchScreen.storyboard */,
				710B951B1D24FF4000E36C78 /* Main.storyboard */,
				710B95231D24FF4000E36C78 /* Info.plist */,
				710B95121D24FF4000E36C78 /* Supporting Files */,
			);
			path = MyToolsProject;
			sourceTree = "<group>";
		};
		710B95121D24FF4000E36C78 /* Supporting Files */ = {
			isa = PBXGroup;
			children = (
				710B95131D24FF4000E36C78 /* main.m */,
				71F328E01D251B1800C5B08D /* PrefixHeader.pch */,
				71F328E11D251C9B00C5B08D /* MacroFile.h */,
			);
			name = "Supporting Files";
			sourceTree = "<group>";
		};
		710B95291D25036600E36C78 /* BaseNetwork */ = {
			isa = PBXGroup;
			children = (
				710B952A1D2503B000E36C78 /* MyNetworkManager.h */,
				710B952B1D2503B000E36C78 /* MyNetworkManager.m */,
			);
			name = BaseNetwork;
			path = "未命名文件夹";
			sourceTree = "<group>";
		};
		711C66611D2F505D00217842 /* CollectionView */ = {
			isa = PBXGroup;
			children = (
				711C66581D2E6EBE00217842 /* CollectionHeaderCollectionReusableView.h */,
				711C66591D2E6EBE00217842 /* CollectionHeaderCollectionReusableView.m */,
			);
			path = CollectionView;
			sourceTree = "<group>";
		};
		711C66621D2F50A100217842 /* MyPageController */ = {
			isa = PBXGroup;
			children = (
				710808251D265D460090DB43 /* MyPageViewController.h */,
				710808261D265D460090DB43 /* MyPageViewController.m */,
			);
			path = MyPageController;
			sourceTree = "<group>";
		};
		711C66691D36303500217842 /* QR_CodeView */ = {
			isa = PBXGroup;
			children = (
				711C666A1D36306B00217842 /* ScanQRCodeViewController.h */,
				711C666B1D36306B00217842 /* ScanQRCodeViewController.m */,
			);
			path = QR_CodeView;
			sourceTree = "<group>";
		};
		71746DA81D2CF46C00567BC7 /* BarrageView */ = {
			isa = PBXGroup;
			children = (
				71746DA91D2CF49200567BC7 /* MyBarrageView.h */,
				71746DAA1D2CF49200567BC7 /* MyBarrageView.m */,
				71746DAC1D2CF4B800567BC7 /* BarrageLabel.h */,
				71746DAD1D2CF4B800567BC7 /* BarrageLabel.m */,
			);
			name = BarrageView;
			sourceTree = "<group>";
		};
		71E0E57C1D42214D00D02ED3 /* DownloadTask */ = {
			isa = PBXGroup;
			children = (
				71E0E57D1D42217000D02ED3 /* DownloadTaskViewController.h */,
				71E0E57E1D42217000D02ED3 /* DownloadTaskViewController.m */,
			);
			path = DownloadTask;
			sourceTree = "<group>";
		};
		71F328E81D3F5DFF00B60619 /* PLPlayer */ = {
			isa = PBXGroup;
			children = (
				71F328E91D3F5FAC00B60619 /* MyPlayerViewController.h */,
				71F328EA1D3F5FAC00B60619 /* MyPlayerViewController.m */,
			);
			path = PLPlayer;
			sourceTree = "<group>";
		};
		71F328F11D406E4600B60619 /* Bluetooth */ = {
			isa = PBXGroup;
			children = (
				71F328F21D406EF300B60619 /* BluetoothViewController.h */,
				71F328F31D406EF300B60619 /* BluetoothViewController.m */,
			);
			path = Bluetooth;
			sourceTree = "<group>";
		};
/* End PBXGroup section */

/* Begin PBXNativeTarget section */
		710B950E1D24FF4000E36C78 /* MyToolsProject */ = {
			isa = PBXNativeTarget;
			buildConfigurationList = 710B95261D24FF4000E36C78 /* Build configuration list for PBXNativeTarget "MyToolsProject" */;
			buildPhases = (
				8ECABDB5CB0625BF760183D1 /* 📦 Check Pods Manifest.lock */,
				710B950B1D24FF4000E36C78 /* Sources */,
				710B950C1D24FF4000E36C78 /* Frameworks */,
				710B950D1D24FF4000E36C78 /* Resources */,
				B7A7F5FE38B1F56725A67BA5 /* 📦 Embed Pods Frameworks */,
				51EB3F9967299AAFDC669E8F /* 📦 Copy Pods Resources */,
			);
			buildRules = (
			);
			dependencies = (
			);
			name = MyToolsProject;
			productName = MyToolsProject;
			productReference = 710B950F1D24FF4000E36C78 /* MyToolsProject.app */;
			productType = "com.apple.product-type.application";
		};
/* End PBXNativeTarget section */

/* Begin PBXProject section */
		710B95071D24FF4000E36C78 /* Project object */ = {
			isa = PBXProject;
			attributes = {
				LastUpgradeCheck = 0730;
				ORGANIZATIONNAME = SRH;
				TargetAttributes = {
					710B950E1D24FF4000E36C78 = {
						CreatedOnToolsVersion = 7.3;
						DevelopmentTeam = BA2W249L85;
						ProvisioningStyle = Automatic;
					};
				};
			};
			buildConfigurationList = 710B950A1D24FF4000E36C78 /* Build configuration list for PBXProject "MyToolsProject" */;
			compatibilityVersion = "Xcode 3.2";
			developmentRegion = English;
			hasScannedForEncodings = 0;
			knownRegions = (
				en,
				Base,
			);
			mainGroup = 710B95061D24FF4000E36C78;
			productRefGroup = 710B95101D24FF4000E36C78 /* Products */;
			projectDirPath = "";
			projectRoot = "";
			targets = (
				710B950E1D24FF4000E36C78 /* MyToolsProject */,
			);
		};
/* End PBXProject section */

/* Begin PBXResourcesBuildPhase section */
		710B950D1D24FF4000E36C78 /* Resources */ = {
			isa = PBXResourcesBuildPhase;
			buildActionMask = 2147483647;
			files = (
				710B95221D24FF4000E36C78 /* LaunchScreen.storyboard in Resources */,
				710B951F1D24FF4000E36C78 /* Assets.xcassets in Resources */,
				710B951D1D24FF4000E36C78 /* Main.storyboard in Resources */,
			);
			runOnlyForDeploymentPostprocessing = 0;
		};
/* End PBXResourcesBuildPhase section */

/* Begin PBXShellScriptBuildPhase section */
		51EB3F9967299AAFDC669E8F /* 📦 Copy Pods Resources */ = {
			isa = PBXShellScriptBuildPhase;
			buildActionMask = 2147483647;
			files = (
			);
			inputPaths = (
			);
			name = "📦 Copy Pods Resources";
			outputPaths = (
			);
			runOnlyForDeploymentPostprocessing = 0;
			shellPath = /bin/sh;
			shellScript = "\"${SRCROOT}/Pods/Target Support Files/Pods-MyToolsProject/Pods-MyToolsProject-resources.sh\"\n";
			showEnvVarsInLog = 0;
		};
		8ECABDB5CB0625BF760183D1 /* 📦 Check Pods Manifest.lock */ = {
			isa = PBXShellScriptBuildPhase;
			buildActionMask = 2147483647;
			files = (
			);
			inputPaths = (
			);
			name = "📦 Check Pods Manifest.lock";
			outputPaths = (
			);
			runOnlyForDeploymentPostprocessing = 0;
			shellPath = /bin/sh;
			shellScript = "diff \"${PODS_ROOT}/../Podfile.lock\" \"${PODS_ROOT}/Manifest.lock\" > /dev/null\nif [[ $? != 0 ]] ; then\n    cat << EOM\nerror: The sandbox is not in sync with the Podfile.lock. Run 'pod install' or update your CocoaPods installation.\nEOM\n    exit 1\nfi\n";
			showEnvVarsInLog = 0;
		};
		B7A7F5FE38B1F56725A67BA5 /* 📦 Embed Pods Frameworks */ = {
			isa = PBXShellScriptBuildPhase;
			buildActionMask = 2147483647;
			files = (
			);
			inputPaths = (
			);
			name = "📦 Embed Pods Frameworks";
			outputPaths = (
			);
			runOnlyForDeploymentPostprocessing = 0;
			shellPath = /bin/sh;
			shellScript = "\"${SRCROOT}/Pods/Target Support Files/Pods-MyToolsProject/Pods-MyToolsProject-frameworks.sh\"\n";
			showEnvVarsInLog = 0;
		};
/* End PBXShellScriptBuildPhase section */

/* Begin PBXSourcesBuildPhase section */
		710B950B1D24FF4000E36C78 /* Sources */ = {
			isa = PBXSourcesBuildPhase;
			buildActionMask = 2147483647;
			files = (
				710808271D265D460090DB43 /* MyPageViewController.m in Sources */,
				71F328F41D406EF300B60619 /* BluetoothViewController.m in Sources */,
				71F328EB1D3F5FAC00B60619 /* MyPlayerViewController.m in Sources */,
				710B952C1D2503B000E36C78 /* MyNetworkManager.m in Sources */,
				711C665A1D2E6EBE00217842 /* CollectionHeaderCollectionReusableView.m in Sources */,
				71E0E57F1D42217000D02ED3 /* DownloadTaskViewController.m in Sources */,
				710B951A1D24FF4000E36C78 /* ViewController.m in Sources */,
				71746DAB1D2CF49200567BC7 /* MyBarrageView.m in Sources */,
				710B95171D24FF4000E36C78 /* AppDelegate.m in Sources */,
				71746DAE1D2CF4B800567BC7 /* BarrageLabel.m in Sources */,
				710B95141D24FF4000E36C78 /* main.m in Sources */,
				711C666C1D36306B00217842 /* ScanQRCodeViewController.m in Sources */,
			);
			runOnlyForDeploymentPostprocessing = 0;
		};
/* End PBXSourcesBuildPhase section */

/* Begin PBXVariantGroup section */
		710B951B1D24FF4000E36C78 /* Main.storyboard */ = {
			isa = PBXVariantGroup;
			children = (
				710B951C1D24FF4000E36C78 /* Base */,
			);
			name = Main.storyboard;
			sourceTree = "<group>";
		};
		710B95201D24FF4000E36C78 /* LaunchScreen.storyboard */ = {
			isa = PBXVariantGroup;
			children = (
				710B95211D24FF4000E36C78 /* Base */,
			);
			name = LaunchScreen.storyboard;
			sourceTree = "<group>";
		};
/* End PBXVariantGroup section */

/* Begin XCBuildConfiguration section */
		710B95241D24FF4000E36C78 /* Debug */ = {
			isa = XCBuildConfiguration;
			buildSettings = {
				ALWAYS_SEARCH_USER_PATHS = NO;
				CLANG_ANALYZER_NONNULL = YES;
				CLANG_CXX_LANGUAGE_STANDARD = "gnu++0x";
				CLANG_CXX_LIBRARY = "libc++";
				CLANG_ENABLE_MODULES = YES;
				CLANG_ENABLE_OBJC_ARC = YES;
				CLANG_WARN_BOOL_CONVERSION = YES;
				CLANG_WARN_CONSTANT_CONVERSION = YES;
				CLANG_WARN_DIRECT_OBJC_ISA_USAGE = YES_ERROR;
				CLANG_WARN_EMPTY_BODY = YES;
				CLANG_WARN_ENUM_CONVERSION = YES;
				CLANG_WARN_INT_CONVERSION = YES;
				CLANG_WARN_OBJC_ROOT_CLASS = YES_ERROR;
				CLANG_WARN_UNREACHABLE_CODE = YES;
				CLANG_WARN__DUPLICATE_METHOD_MATCH = YES;
				CODE_SIGN_IDENTITY = "iPhone Developer";
				"CODE_SIGN_IDENTITY[sdk=iphoneos*]" = "iPhone Developer";
				COPY_PHASE_STRIP = NO;
				DEBUG_INFORMATION_FORMAT = dwarf;
				ENABLE_STRICT_OBJC_MSGSEND = YES;
				ENABLE_TESTABILITY = YES;
				GCC_C_LANGUAGE_STANDARD = gnu99;
				GCC_DYNAMIC_NO_PIC = NO;
				GCC_NO_COMMON_BLOCKS = YES;
				GCC_OPTIMIZATION_LEVEL = 0;
				GCC_PREPROCESSOR_DEFINITIONS = (
					"DEBUG=1",
					"$(inherited)",
				);
				GCC_WARN_64_TO_32_BIT_CONVERSION = YES;
				GCC_WARN_ABOUT_RETURN_TYPE = YES_ERROR;
				GCC_WARN_UNDECLARED_SELECTOR = YES;
				GCC_WARN_UNINITIALIZED_AUTOS = YES_AGGRESSIVE;
				GCC_WARN_UNUSED_FUNCTION = YES;
				GCC_WARN_UNUSED_VARIABLE = YES;
				IPHONEOS_DEPLOYMENT_TARGET = 9.2;
				MTL_ENABLE_DEBUG_INFO = YES;
				ONLY_ACTIVE_ARCH = YES;
				SDKROOT = iphoneos;
				TARGETED_DEVICE_FAMILY = "1,2";
			};
			name = Debug;
		};
		710B95251D24FF4000E36C78 /* Release */ = {
			isa = XCBuildConfiguration;
			buildSettings = {
				ALWAYS_SEARCH_USER_PATHS = NO;
				CLANG_ANALYZER_NONNULL = YES;
				CLANG_CXX_LANGUAGE_STANDARD = "gnu++0x";
				CLANG_CXX_LIBRARY = "libc++";
				CLANG_ENABLE_MODULES = YES;
				CLANG_ENABLE_OBJC_ARC = YES;
				CLANG_WARN_BOOL_CONVERSION = YES;
				CLANG_WARN_CONSTANT_CONVERSION = YES;
				CLANG_WARN_DIRECT_OBJC_ISA_USAGE = YES_ERROR;
				CLANG_WARN_EMPTY_BODY = YES;
				CLANG_WARN_ENUM_CONVERSION = YES;
				CLANG_WARN_INT_CONVERSION = YES;
				CLANG_WARN_OBJC_ROOT_CLASS = YES_ERROR;
				CLANG_WARN_UNREACHABLE_CODE = YES;
				CLANG_WARN__DUPLICATE_METHOD_MATCH = YES;
				CODE_SIGN_IDENTITY = "iPhone Developer";
				"CODE_SIGN_IDENTITY[sdk=iphoneos*]" = "iPhone Developer";
				COPY_PHASE_STRIP = NO;
				DEBUG_INFORMATION_FORMAT = "dwarf-with-dsym";
				ENABLE_NS_ASSERTIONS = NO;
				ENABLE_STRICT_OBJC_MSGSEND = YES;
				GCC_C_LANGUAGE_STANDARD = gnu99;
				GCC_NO_COMMON_BLOCKS = YES;
				GCC_WARN_64_TO_32_BIT_CONVERSION = YES;
				GCC_WARN_ABOUT_RETURN_TYPE = YES_ERROR;
				GCC_WARN_UNDECLARED_SELECTOR = YES;
				GCC_WARN_UNINITIALIZED_AUTOS = YES_AGGRESSIVE;
				GCC_WARN_UNUSED_FUNCTION = YES;
				GCC_WARN_UNUSED_VARIABLE = YES;
				IPHONEOS_DEPLOYMENT_TARGET = 9.2;
				MTL_ENABLE_DEBUG_INFO = NO;
				SDKROOT = iphoneos;
				TARGETED_DEVICE_FAMILY = "1,2";
				VALIDATE_PRODUCT = YES;
			};
			name = Release;
		};
		710B95271D24FF4000E36C78 /* Debug */ = {
			isa = XCBuildConfiguration;
			baseConfigurationReference = 5B79185ED958C8DF81540B28 /* Pods-MyToolsProject.debug.xcconfig */;
			buildSettings = {
				ASSETCATALOG_COMPILER_APPICON_NAME = AppIcon;
				CODE_SIGN_IDENTITY = "iPhone Developer";
				"CODE_SIGN_IDENTITY[sdk=iphoneos*]" = "iPhone Developer";
				DEVELOPMENT_TEAM = BA2W249L85;
				ENABLE_BITCODE = NO;
				FRAMEWORK_SEARCH_PATHS = (
					"$(inherited)",
					"$(PROJECT_DIR)/IJKPlayer",
				);
				GCC_PRECOMPILE_PREFIX_HEADER = YES;
				GCC_PREFIX_HEADER = "$(SRCROOT)/MyToolsProject/PrefixHeader.pch";
				INFOPLIST_FILE = MyToolsProject/Info.plist;
				IPHONEOS_DEPLOYMENT_TARGET = 9.2;
				LD_RUNPATH_SEARCH_PATHS = "$(inherited) @executable_path/Frameworks";
				PRODUCT_BUNDLE_IDENTIFIER = com.ARM.MyToolsProject;
				PRODUCT_NAME = "$(TARGET_NAME)";
				PROVISIONING_PROFILE = "";
			};
			name = Debug;
		};
		710B95281D24FF4000E36C78 /* Release */ = {
			isa = XCBuildConfiguration;
			baseConfigurationReference = 4E9055831D32C77375984480 /* Pods-MyToolsProject.release.xcconfig */;
			buildSettings = {
				ASSETCATALOG_COMPILER_APPICON_NAME = AppIcon;
				CODE_SIGN_IDENTITY = "iPhone Developer";
				"CODE_SIGN_IDENTITY[sdk=iphoneos*]" = "iPhone Developer";
				DEVELOPMENT_TEAM = BA2W249L85;
				ENABLE_BITCODE = NO;
				FRAMEWORK_SEARCH_PATHS = (
					"$(inherited)",
					"$(PROJECT_DIR)/IJKPlayer",
				);
				GCC_PRECOMPILE_PREFIX_HEADER = YES;
				GCC_PREFIX_HEADER = "$(SRCROOT)/MyToolsProject/PrefixHeader.pch";
				INFOPLIST_FILE = MyToolsProject/Info.plist;
				IPHONEOS_DEPLOYMENT_TARGET = 9.2;
				LD_RUNPATH_SEARCH_PATHS = "$(inherited) @executable_path/Frameworks";
				PRODUCT_BUNDLE_IDENTIFIER = com.ARM.MyToolsProject;
				PRODUCT_NAME = "$(TARGET_NAME)";
				PROVISIONING_PROFILE = "";
			};
			name = Release;
		};
/* End XCBuildConfiguration section */

/* Begin XCConfigurationList section */
		710B950A1D24FF4000E36C78 /* Build configuration list for PBXProject "MyToolsProject" */ = {
			isa = XCConfigurationList;
			buildConfigurations = (
				710B95241D24FF4000E36C78 /* Debug */,
				710B95251D24FF4000E36C78 /* Release */,
			);
			defaultConfigurationIsVisible = 0;
			defaultConfigurationName = Release;
		};
		710B95261D24FF4000E36C78 /* Build configuration list for PBXNativeTarget "MyToolsProject" */ = {
			isa = XCConfigurationList;
			buildConfigurations = (
				710B95271D24FF4000E36C78 /* Debug */,
				710B95281D24FF4000E36C78 /* Release */,
			);
			defaultConfigurationIsVisible = 0;
			defaultConfigurationName = Release;
		};
/* End XCConfigurationList section */
	};
	rootObject = 710B95071D24FF4000E36C78 /* Project object */;
}
